
Microsoft Visual Studio Solution File, Format Version 12.00
# Visual Studio Version 16
VisualStudioVersion = 16.0.30503.244
MinimumVisualStudioVersion = 10.0.40219.1
Project("{FAE04EC0-301F-11D3-BF4B-00C04F79EFBC}") = "19Jul2020_1", "19Jul2020_2\19Jul2020_1.csproj", "{FC39257C-3804-423F-8C42-BB5F66A59E63}"
EndProject
Global
	GlobalSection(SolutionConfigurationPlatforms) = preSolution
		Debug|Any CPU = Debug|Any CPU
		Release|Any CPU = Release|Any CPU
	EndGlobalSection
	GlobalSection(ProjectConfigurationPlatforms) = postSolution
		{FC39257C-3804-423F-8C42-BB5F66A59E63}.Debug|Any CPU.ActiveCfg = Debug|Any CPU
		{FC39257C-3804-423F-8C42-BB5F66A59E63}.Debug|Any CPU.Build.0 = Debug|Any CPU
		{FC39257C-3804-423F-8C42-BB5F66A59E63}.Release|Any CPU.ActiveCfg = Release|Any CPU
		{FC39257C-3804-423F-8C42-BB5F66A59E63}.Release|Any CPU.Build.0 = Release|Any CPU
	EndGlobalSection
	GlobalSection(SolutionProperties) = preSolution
		HideSolutionNode = FALSE
	EndGlobalSection
	GlobalSection(ExtensibilityGlobals) = postSolution
		SolutionGuid = {32D63344-D565-41E7-8406-01AB3AB39B6B}
	EndGlobalSection
EndGlobal
